// !$*UTF8*$!
{
	archiveVersion = 1;
	classes = {
	};
	objectVersion = 56;
	objects = {

/* Begin PBXBuildFile section */
		73823CC82B045BA9007E6A92 /* EventVC.swift in Sources */ = {isa = PBXBuildFile; fileRef = 73823CC72B045BA9007E6A92 /* EventVC.swift */; };
		73823CCA2B04815B007E6A92 /* EventTwoVC.swift in Sources */ = {isa = PBXBuildFile; fileRef = 73823CC92B04815B007E6A92 /* EventTwoVC.swift */; };
		73A1F9692B01DDE600D82CB8 /* AutoLayoutOneVC.swift in Sources */ = {isa = PBXBuildFile; fileRef = 73A1F9682B01DDE600D82CB8 /* AutoLayoutOneVC.swift */; };
		73A1F96B2B01DE0200D82CB8 /* AutoLayoutTwoVC.swift in Sources */ = {isa = PBXBuildFile; fileRef = 73A1F96A2B01DE0200D82CB8 /* AutoLayoutTwoVC.swift */; };
		73A1F96D2B01DE4F00D82CB8 /* AutoLayoutThreeVC.swift in Sources */ = {isa = PBXBuildFile; fileRef = 73A1F96C2B01DE4F00D82CB8 /* AutoLayoutThreeVC.swift */; };
		73A1F96F2B01DE7C00D82CB8 /* AutoLayoutFourVC.swift in Sources */ = {isa = PBXBuildFile; fileRef = 73A1F96E2B01DE7C00D82CB8 /* AutoLayoutFourVC.swift */; };
		73A1F9722B02035F00D82CB8 /* SnapKit in Frameworks */ = {isa = PBXBuildFile; productRef = 73A1F9712B02035F00D82CB8 /* SnapKit */; };
		73A1F9742B02035F00D82CB8 /* SnapKit-Dynamic in Frameworks */ = {isa = PBXBuildFile; productRef = 73A1F9732B02035F00D82CB8 /* SnapKit-Dynamic */; };
		73A1F9762B02072D00D82CB8 /* AutoLayoutFiveVC.swift in Sources */ = {isa = PBXBuildFile; fileRef = 73A1F9752B02072D00D82CB8 /* AutoLayoutFiveVC.swift */; };
		73A1F9782B02073D00D82CB8 /* AutoLayoutSixVC.swift in Sources */ = {isa = PBXBuildFile; fileRef = 73A1F9772B02073D00D82CB8 /* AutoLayoutSixVC.swift */; };
		73F08EA52AFDFD9600A2D12C /* AppDelegate.swift in Sources */ = {isa = PBXBuildFile; fileRef = 73F08EA42AFDFD9600A2D12C /* AppDelegate.swift */; };
		73F08EA72AFDFD9600A2D12C /* SceneDelegate.swift in Sources */ = {isa = PBXBuildFile; fileRef = 73F08EA62AFDFD9600A2D12C /* SceneDelegate.swift */; };
		73F08EAC2AFDFD9600A2D12C /* Main.storyboard in Resources */ = {isa = PBXBuildFile; fileRef = 73F08EAA2AFDFD9600A2D12C /* Main.storyboard */; };
		73F08EAE2AFDFD9700A2D12C /* Assets.xcassets in Resources */ = {isa = PBXBuildFile; fileRef = 73F08EAD2AFDFD9700A2D12C /* Assets.xcassets */; };
		73F08EB12AFDFD9700A2D12C /* LaunchScreen.storyboard in Resources */ = {isa = PBXBuildFile; fileRef = 73F08EAF2AFDFD9700A2D12C /* LaunchScreen.storyboard */; };
		73F08EB92AFDFDFD00A2D12C /* ExampleListVC.swift in Sources */ = {isa = PBXBuildFile; fileRef = 73F08EB82AFDFDFD00A2D12C /* ExampleListVC.swift */; };
		73F08EBB2AFE003A00A2D12C /* ExampleListCell.swift in Sources */ = {isa = PBXBuildFile; fileRef = 73F08EBA2AFE003A00A2D12C /* ExampleListCell.swift */; };
		73F08EBE2AFE07F300A2D12C /* InteractionExamVC.swift in Sources */ = {isa = PBXBuildFile; fileRef = 73F08EBD2AFE07F300A2D12C /* InteractionExamVC.swift */; };
		73FB30A32B03134E0069837B /* CrossVC.swift in Sources */ = {isa = PBXBuildFile; fileRef = 73FB30A22B03134E0069837B /* CrossVC.swift */; };
/* End PBXBuildFile section */

/* Begin PBXFileReference section */
		73823CC72B045BA9007E6A92 /* EventVC.swift */ = {isa = PBXFileReference; lastKnownFileType = sourcecode.swift; path = EventVC.swift; sourceTree = "<group>"; };
		73823CC92B04815B007E6A92 /* EventTwoVC.swift */ = {isa = PBXFileReference; lastKnownFileType = sourcecode.swift; path = EventTwoVC.swift; sourceTree = "<group>"; };
		73A1F9682B01DDE600D82CB8 /* AutoLayoutOneVC.swift */ = {isa = PBXFileReference; lastKnownFileType = sourcecode.swift; path = AutoLayoutOneVC.swift; sourceTree = "<group>"; };
		73A1F96A2B01DE0200D82CB8 /* AutoLayoutTwoVC.swift */ = {isa = PBXFileReference; lastKnownFileType = sourcecode.swift; path = AutoLayoutTwoVC.swift; sourceTree = "<group>"; };
		73A1F96C2B01DE4F00D82CB8 /* AutoLayoutThreeVC.swift */ = {isa = PBXFileReference; lastKnownFileType = sourcecode.swift; path = AutoLayoutThreeVC.swift; sourceTree = "<group>"; };
		73A1F96E2B01DE7C00D82CB8 /* AutoLayoutFourVC.swift */ = {isa = PBXFileReference; lastKnownFileType = sourcecode.swift; path = AutoLayoutFourVC.swift; sourceTree = "<group>"; };
		73A1F9752B02072D00D82CB8 /* AutoLayoutFiveVC.swift */ = {isa = PBXFileReference; lastKnownFileType = sourcecode.swift; path = AutoLayoutFiveVC.swift; sourceTree = "<group>"; };
		73A1F9772B02073D00D82CB8 /* AutoLayoutSixVC.swift */ = {isa = PBXFileReference; lastKnownFileType = sourcecode.swift; path = AutoLayoutSixVC.swift; sourceTree = "<group>"; };
		73F08EA12AFDFD9600A2D12C /* ExampleList.app */ = {isa = PBXFileReference; explicitFileType = wrapper.application; includeInIndex = 0; path = ExampleList.app; sourceTree = BUILT_PRODUCTS_DIR; };
		73F08EA42AFDFD9600A2D12C /* AppDelegate.swift */ = {isa = PBXFileReference; lastKnownFileType = sourcecode.swift; path = AppDelegate.swift; sourceTree = "<group>"; };
		73F08EA62AFDFD9600A2D12C /* SceneDelegate.swift */ = {isa = PBXFileReference; lastKnownFileType = sourcecode.swift; path = SceneDelegate.swift; sourceTree = "<group>"; };
		73F08EAB2AFDFD9600A2D12C /* Base */ = {isa = PBXFileReference; lastKnownFileType = file.storyboard; name = Base; path = Base.lproj/Main.storyboard; sourceTree = "<group>"; };
		73F08EAD2AFDFD9700A2D12C /* Assets.xcassets */ = {isa = PBXFileReference; lastKnownFileType = folder.assetcatalog; path = Assets.xcassets; sourceTree = "<group>"; };
		73F08EB02AFDFD9700A2D12C /* Base */ = {isa = PBXFileReference; lastKnownFileType = file.storyboard; name = Base; path = Base.lproj/LaunchScreen.storyboard; sourceTree = "<group>"; };
		73F08EB22AFDFD9700A2D12C /* Info.plist */ = {isa = PBXFileReference; lastKnownFileType = text.plist.xml; path = Info.plist; sourceTree = "<group>"; };
		73F08EB82AFDFDFD00A2D12C /* ExampleListVC.swift */ = {isa = PBXFileReference; lastKnownFileType = sourcecode.swift; path = ExampleListVC.swift; sourceTree = "<group>"; };
		73F08EBA2AFE003A00A2D12C /* ExampleListCell.swift */ = {isa = PBXFileReference; lastKnownFileType = sourcecode.swift; path = ExampleListCell.swift; sourceTree = "<group>"; };
		73F08EBD2AFE07F300A2D12C /* InteractionExamVC.swift */ = {isa = PBXFileReference; lastKnownFileType = sourcecode.swift; path = InteractionExamVC.swift; sourceTree = "<group>"; };
		73FB30A22B03134E0069837B /* CrossVC.swift */ = {isa = PBXFileReference; lastKnownFileType = sourcecode.swift; path = CrossVC.swift; sourceTree = "<group>"; };
/* End PBXFileReference section */

/* Begin PBXFrameworksBuildPhase section */
		73F08E9E2AFDFD9600A2D12C /* Frameworks */ = {
			isa = PBXFrameworksBuildPhase;
			buildActionMask = 2147483647;
			files = (
				73A1F9722B02035F00D82CB8 /* SnapKit in Frameworks */,
				73A1F9742B02035F00D82CB8 /* SnapKit-Dynamic in Frameworks */,
			);
			runOnlyForDeploymentPostprocessing = 0;
		};
/* End PBXFrameworksBuildPhase section */

/* Begin PBXGroup section */
		73823CC62B045B85007E6A92 /* 2023_11_15 */ = {
			isa = PBXGroup;
			children = (
				73823CC72B045BA9007E6A92 /* EventVC.swift */,
				73823CC92B04815B007E6A92 /* EventTwoVC.swift */,
			);
			path = 2023_11_15;
			sourceTree = "<group>";
		};
		73A1F9672B01DD3F00D82CB8 /* 2023_11_13 */ = {
			isa = PBXGroup;
			children = (
				73A1F9682B01DDE600D82CB8 /* AutoLayoutOneVC.swift */,
				73A1F96A2B01DE0200D82CB8 /* AutoLayoutTwoVC.swift */,
				73A1F96C2B01DE4F00D82CB8 /* AutoLayoutThreeVC.swift */,
				73A1F96E2B01DE7C00D82CB8 /* AutoLayoutFourVC.swift */,
				73A1F9752B02072D00D82CB8 /* AutoLayoutFiveVC.swift */,
				73A1F9772B02073D00D82CB8 /* AutoLayoutSixVC.swift */,
			);
			path = 2023_11_13;
			sourceTree = "<group>";
		};
		73F08E982AFDFD9600A2D12C = {
			isa = PBXGroup;
			children = (
				73F08EA32AFDFD9600A2D12C /* ExampleList */,
				73F08EA22AFDFD9600A2D12C /* Products */,
			);
			sourceTree = "<group>";
		};
		73F08EA22AFDFD9600A2D12C /* Products */ = {
			isa = PBXGroup;
			children = (
				73F08EA12AFDFD9600A2D12C /* ExampleList.app */,
			);
			name = Products;
			sourceTree = "<group>";
		};
		73F08EA32AFDFD9600A2D12C /* ExampleList */ = {
			isa = PBXGroup;
			children = (
				73F08EA42AFDFD9600A2D12C /* AppDelegate.swift */,
				73F08EA62AFDFD9600A2D12C /* SceneDelegate.swift */,
				73F08EB82AFDFDFD00A2D12C /* ExampleListVC.swift */,
				73F08EBA2AFE003A00A2D12C /* ExampleListCell.swift */,
				73F08EBC2AFE07D400A2D12C /* 2023_11_10 */,
				73A1F9672B01DD3F00D82CB8 /* 2023_11_13 */,
				73FB30A12B03131C0069837B /* 2023_11_14 */,
				73823CC62B045B85007E6A92 /* 2023_11_15 */,
				73F08EAA2AFDFD9600A2D12C /* Main.storyboard */,
				73F08EAD2AFDFD9700A2D12C /* Assets.xcassets */,
				73F08EAF2AFDFD9700A2D12C /* LaunchScreen.storyboard */,
				73F08EB22AFDFD9700A2D12C /* Info.plist */,
			);
			path = ExampleList;
			sourceTree = "<group>";
		};
		73F08EBC2AFE07D400A2D12C /* 2023_11_10 */ = {
			isa = PBXGroup;
			children = (
				73F08EBD2AFE07F300A2D12C /* InteractionExamVC.swift */,
			);
			path = 2023_11_10;
			sourceTree = "<group>";
		};
		73FB30A12B03131C0069837B /* 2023_11_14 */ = {
			isa = PBXGroup;
			children = (
				73FB30A22B03134E0069837B /* CrossVC.swift */,
			);
			path = 2023_11_14;
			sourceTree = "<group>";
		};
/* End PBXGroup section */

/* Begin PBXNativeTarget section */
		73F08EA02AFDFD9600A2D12C /* ExampleList */ = {
			isa = PBXNativeTarget;
			buildConfigurationList = 73F08EB52AFDFD9700A2D12C /* Build configuration list for PBXNativeTarget "ExampleList" */;
			buildPhases = (
				73F08E9D2AFDFD9600A2D12C /* Sources */,
				73F08E9E2AFDFD9600A2D12C /* Frameworks */,
				73F08E9F2AFDFD9600A2D12C /* Resources */,
			);
			buildRules = (
			);
			dependencies = (
			);
			name = ExampleList;
			packageProductDependencies = (
				73A1F9712B02035F00D82CB8 /* SnapKit */,
				73A1F9732B02035F00D82CB8 /* SnapKit-Dynamic */,
			);
			productName = ExampleList;
			productReference = 73F08EA12AFDFD9600A2D12C /* ExampleList.app */;
			productType = "com.apple.product-type.application";
		};
/* End PBXNativeTarget section */

/* Begin PBXProject section */
		73F08E992AFDFD9600A2D12C /* Project object */ = {
			isa = PBXProject;
			attributes = {
				BuildIndependentTargetsInParallel = 1;
				LastSwiftUpdateCheck = 1500;
				LastUpgradeCheck = 1500;
				TargetAttributes = {
					73F08EA02AFDFD9600A2D12C = {
						CreatedOnToolsVersion = 15.0;
					};
				};
			};
			buildConfigurationList = 73F08E9C2AFDFD9600A2D12C /* Build configuration list for PBXProject "ExampleList" */;
			compatibilityVersion = "Xcode 14.0";
			developmentRegion = en;
			hasScannedForEncodings = 0;
			knownRegions = (
				en,
				Base,
			);
			mainGroup = 73F08E982AFDFD9600A2D12C;
			packageReferences = (
				73A1F9702B02035F00D82CB8 /* XCRemoteSwiftPackageReference "SnapKit" */,
			);
			productRefGroup = 73F08EA22AFDFD9600A2D12C /* Products */;
			projectDirPath = "";
			projectRoot = "";
			targets = (
				73F08EA02AFDFD9600A2D12C /* ExampleList */,
			);
		};
/* End PBXProject section */

/* Begin PBXResourcesBuildPhase section */
		73F08E9F2AFDFD9600A2D12C /* Resources */ = {
			isa = PBXResourcesBuildPhase;
			buildActionMask = 2147483647;
			files = (
				73F08EB12AFDFD9700A2D12C /* LaunchScreen.storyboard in Resources */,
				73F08EAE2AFDFD9700A2D12C /* Assets.xcassets in Resources */,
				73F08EAC2AFDFD9600A2D12C /* Main.storyboard in Resources */,
			);
			runOnlyForDeploymentPostprocessing = 0;
		};
/* End PBXResourcesBuildPhase section */

/* Begin PBXSourcesBuildPhase section */
		73F08E9D2AFDFD9600A2D12C /* Sources */ = {
			isa = PBXSourcesBuildPhase;
			buildActionMask = 2147483647;
			files = (
				73A1F9692B01DDE600D82CB8 /* AutoLayoutOneVC.swift in Sources */,
				73A1F96B2B01DE0200D82CB8 /* AutoLayoutTwoVC.swift in Sources */,
				73823CCA2B04815B007E6A92 /* EventTwoVC.swift in Sources */,
				73A1F96D2B01DE4F00D82CB8 /* AutoLayoutThreeVC.swift in Sources */,
				73FB30A32B03134E0069837B /* CrossVC.swift in Sources */,
				73F08EBE2AFE07F300A2D12C /* InteractionExamVC.swift in Sources */,
				73F08EBB2AFE003A00A2D12C /* ExampleListCell.swift in Sources */,
				73F08EB92AFDFDFD00A2D12C /* ExampleListVC.swift in Sources */,
				73F08EA52AFDFD9600A2D12C /* AppDelegate.swift in Sources */,
				73A1F96F2B01DE7C00D82CB8 /* AutoLayoutFourVC.swift in Sources */,
				73A1F9782B02073D00D82CB8 /* AutoLayoutSixVC.swift in Sources */,
				73F08EA72AFDFD9600A2D12C /* SceneDelegate.swift in Sources */,
				73823CC82B045BA9007E6A92 /* EventVC.swift in Sources */,
				73A1F9762B02072D00D82CB8 /* AutoLayoutFiveVC.swift in Sources */,
			);
			runOnlyForDeploymentPostprocessing = 0;
		};
/* End PBXSourcesBuildPhase section */

/* Begin PBXVariantGroup section */
		73F08EAA2AFDFD9600A2D12C /* Main.storyboard */ = {
			isa = PBXVariantGroup;
			children = (
				73F08EAB2AFDFD9600A2D12C /* Base */,
			);
			name = Main.storyboard;
			sourceTree = "<group>";
		};
		73F08EAF2AFDFD9700A2D12C /* LaunchScreen.storyboard */ = {
			isa = PBXVariantGroup;
			children = (
				73F08EB02AFDFD9700A2D12C /* Base */,
			);
			name = LaunchScreen.storyboard;
			sourceTree = "<group>";
		};
/* End PBXVariantGroup section */

/* Begin XCBuildConfiguration section */
		73F08EB32AFDFD9700A2D12C /* Debug */ = {
			isa = XCBuildConfiguration;
			buildSettings = {
				ALWAYS_SEARCH_USER_PATHS = NO;
				ASSETCATALOG_COMPILER_GENERATE_SWIFT_ASSET_SYMBOL_EXTENSIONS = YES;
				CLANG_ANALYZER_NONNULL = YES;
				CLANG_ANALYZER_NUMBER_OBJECT_CONVERSION = YES_AGGRESSIVE;
				CLANG_CXX_LANGUAGE_STANDARD = "gnu++20";
				CLANG_ENABLE_MODULES = YES;
				CLANG_ENABLE_OBJC_ARC = YES;
				CLANG_ENABLE_OBJC_WEAK = YES;
				CLANG_WARN_BLOCK_CAPTURE_AUTORELEASING = YES;
				CLANG_WARN_BOOL_CONVERSION = YES;
				CLANG_WARN_COMMA = YES;
				CLANG_WARN_CONSTANT_CONVERSION = YES;
				CLANG_WARN_DEPRECATED_OBJC_IMPLEMENTATIONS = YES;
				CLANG_WARN_DIRECT_OBJC_ISA_USAGE = YES_ERROR;
				CLANG_WARN_DOCUMENTATION_COMMENTS = YES;
				CLANG_WARN_EMPTY_BODY = YES;
				CLANG_WARN_ENUM_CONVERSION = YES;
				CLANG_WARN_INFINITE_RECURSION = YES;
				CLANG_WARN_INT_CONVERSION = YES;
				CLANG_WARN_NON_LITERAL_NULL_CONVERSION = YES;
				CLANG_WARN_OBJC_IMPLICIT_RETAIN_SELF = YES;
				CLANG_WARN_OBJC_LITERAL_CONVERSION = YES;
				CLANG_WARN_OBJC_ROOT_CLASS = YES_ERROR;
				CLANG_WARN_QUOTED_INCLUDE_IN_FRAMEWORK_HEADER = YES;
				CLANG_WARN_RANGE_LOOP_ANALYSIS = YES;
				CLANG_WARN_STRICT_PROTOTYPES = YES;
				CLANG_WARN_SUSPICIOUS_MOVE = YES;
				CLANG_WARN_UNGUARDED_AVAILABILITY = YES_AGGRESSIVE;
				CLANG_WARN_UNREACHABLE_CODE = YES;
				CLANG_WARN__DUPLICATE_METHOD_MATCH = YES;
				COPY_PHASE_STRIP = NO;
				DEBUG_INFORMATION_FORMAT = dwarf;
				ENABLE_STRICT_OBJC_MSGSEND = YES;
				ENABLE_TESTABILITY = YES;
				ENABLE_USER_SCRIPT_SANDBOXING = YES;
				GCC_C_LANGUAGE_STANDARD = gnu17;
				GCC_DYNAMIC_NO_PIC = NO;
				GCC_NO_COMMON_BLOCKS = YES;
				GCC_OPTIMIZATION_LEVEL = 0;
				GCC_PREPROCESSOR_DEFINITIONS = (
					"DEBUG=1",
					"$(inherited)",
				);
				GCC_WARN_64_TO_32_BIT_CONVERSION = YES;
				GCC_WARN_ABOUT_RETURN_TYPE = YES_ERROR;
				GCC_WARN_UNDECLARED_SELECTOR = YES;
				GCC_WARN_UNINITIALIZED_AUTOS = YES_AGGRESSIVE;
				GCC_WARN_UNUSED_FUNCTION = YES;
				GCC_WARN_UNUSED_VARIABLE = YES;
				IPHONEOS_DEPLOYMENT_TARGET = 17.0;
				LOCALIZATION_PREFERS_STRING_CATALOGS = YES;
				MTL_ENABLE_DEBUG_INFO = INCLUDE_SOURCE;
				MTL_FAST_MATH = YES;
				ONLY_ACTIVE_ARCH = YES;
				SDKROOT = iphoneos;
				SWIFT_ACTIVE_COMPILATION_CONDITIONS = "DEBUG $(inherited)";
				SWIFT_OPTIMIZATION_LEVEL = "-Onone";
			};
			name = Debug;
		};
		73F08EB42AFDFD9700A2D12C /* Release */ = {
			isa = XCBuildConfiguration;
			buildSettings = {
				ALWAYS_SEARCH_USER_PATHS = NO;
				ASSETCATALOG_COMPILER_GENERATE_SWIFT_ASSET_SYMBOL_EXTENSIONS = YES;
				CLANG_ANALYZER_NONNULL = YES;
				CLANG_ANALYZER_NUMBER_OBJECT_CONVERSION = YES_AGGRESSIVE;
				CLANG_CXX_LANGUAGE_STANDARD = "gnu++20";
				CLANG_ENABLE_MODULES = YES;
				CLANG_ENABLE_OBJC_ARC = YES;
				CLANG_ENABLE_OBJC_WEAK = YES;
				CLANG_WARN_BLOCK_CAPTURE_AUTORELEASING = YES;
				CLANG_WARN_BOOL_CONVERSION = YES;
				CLANG_WARN_COMMA = YES;
				CLANG_WARN_CONSTANT_CONVERSION = YES;
				CLANG_WARN_DEPRECATED_OBJC_IMPLEMENTATIONS = YES;
				CLANG_WARN_DIRECT_OBJC_ISA_USAGE = YES_ERROR;
				CLANG_WARN_DOCUMENTATION_COMMENTS = YES;
				CLANG_WARN_EMPTY_BODY = YES;
				CLANG_WARN_ENUM_CONVERSION = YES;
				CLANG_WARN_INFINITE_RECURSION = YES;
				CLANG_WARN_INT_CONVERSION = YES;
				CLANG_WARN_NON_LITERAL_NULL_CONVERSION = YES;
				CLANG_WARN_OBJC_IMPLICIT_RETAIN_SELF = YES;
				CLANG_WARN_OBJC_LITERAL_CONVERSION = YES;
				CLANG_WARN_OBJC_ROOT_CLASS = YES_ERROR;
				CLANG_WARN_QUOTED_INCLUDE_IN_FRAMEWORK_HEADER = YES;
				CLANG_WARN_RANGE_LOOP_ANALYSIS = YES;
				CLANG_WARN_STRICT_PROTOTYPES = YES;
				CLANG_WARN_SUSPICIOUS_MOVE = YES;
				CLANG_WARN_UNGUARDED_AVAILABILITY = YES_AGGRESSIVE;
				CLANG_WARN_UNREACHABLE_CODE = YES;
				CLANG_WARN__DUPLICATE_METHOD_MATCH = YES;
				COPY_PHASE_STRIP = NO;
				DEBUG_INFORMATION_FORMAT = "dwarf-with-dsym";
				ENABLE_NS_ASSERTIONS = NO;
				ENABLE_STRICT_OBJC_MSGSEND = YES;
				ENABLE_USER_SCRIPT_SANDBOXING = YES;
				GCC_C_LANGUAGE_STANDARD = gnu17;
				GCC_NO_COMMON_BLOCKS = YES;
				GCC_WARN_64_TO_32_BIT_CONVERSION = YES;
				GCC_WARN_ABOUT_RETURN_TYPE = YES_ERROR;
				GCC_WARN_UNDECLARED_SELECTOR = YES;
				GCC_WARN_UNINITIALIZED_AUTOS = YES_AGGRESSIVE;
				GCC_WARN_UNUSED_FUNCTION = YES;
				GCC_WARN_UNUSED_VARIABLE = YES;
				IPHONEOS_DEPLOYMENT_TARGET = 17.0;
				LOCALIZATION_PREFERS_STRING_CATALOGS = YES;
				MTL_ENABLE_DEBUG_INFO = NO;
				MTL_FAST_MATH = YES;
				SDKROOT = iphoneos;
				SWIFT_COMPILATION_MODE = wholemodule;
				VALIDATE_PRODUCT = YES;
			};
			name = Release;
		};
		73F08EB62AFDFD9700A2D12C /* Debug */ = {
			isa = XCBuildConfiguration;
			buildSettings = {
				ASSETCATALOG_COMPILER_APPICON_NAME = AppIcon;
				ASSETCATALOG_COMPILER_GLOBAL_ACCENT_COLOR_NAME = AccentColor;
				CODE_SIGN_STYLE = Automatic;
				CURRENT_PROJECT_VERSION = 1;
				GENERATE_INFOPLIST_FILE = YES;
				INFOPLIST_FILE = ExampleList/Info.plist;
				INFOPLIST_KEY_UIApplicationSupportsIndirectInputEvents = YES;
				INFOPLIST_KEY_UILaunchStoryboardName = LaunchScreen;
				INFOPLIST_KEY_UIMainStoryboardFile = Main;
				INFOPLIST_KEY_UISupportedInterfaceOrientations_iPad = "UIInterfaceOrientationPortrait UIInterfaceOrientationPortraitUpsideDown UIInterfaceOrientationLandscapeLeft UIInterfaceOrientationLandscapeRight";
				INFOPLIST_KEY_UISupportedInterfaceOrientations_iPhone = "UIInterfaceOrientationPortrait UIInterfaceOrientationLandscapeLeft UIInterfaceOrientationLandscapeRight";
				LD_RUNPATH_SEARCH_PATHS = (
					"$(inherited)",
					"@executable_path/Frameworks",
				);
				MARKETING_VERSION = 1.0;
				PRODUCT_BUNDLE_IDENTIFIER = jooyoung.ExampleList;
				PRODUCT_NAME = "$(TARGET_NAME)";
				SWIFT_EMIT_LOC_STRINGS = YES;
				SWIFT_VERSION = 5.0;
				TARGETED_DEVICE_FAMILY = "1,2";
			};
			name = Debug;
		};
		73F08EB72AFDFD9700A2D12C /* Release */ = {
			isa = XCBuildConfiguration;
			buildSettings = {
				ASSETCATALOG_COMPILER_APPICON_NAME = AppIcon;
				ASSETCATALOG_COMPILER_GLOBAL_ACCENT_COLOR_NAME = AccentColor;
				CODE_SIGN_STYLE = Automatic;
				CURRENT_PROJECT_VERSION = 1;
				GENERATE_INFOPLIST_FILE = YES;
				INFOPLIST_FILE = ExampleList/Info.plist;
				INFOPLIST_KEY_UIApplicationSupportsIndirectInputEvents = YES;
				INFOPLIST_KEY_UILaunchStoryboardName = LaunchScreen;
				INFOPLIST_KEY_UIMainStoryboardFile = Main;
				INFOPLIST_KEY_UISupportedInterfaceOrientations_iPad = "UIInterfaceOrientationPortrait UIInterfaceOrientationPortraitUpsideDown UIInterfaceOrientationLandscapeLeft UIInterfaceOrientationLandscapeRight";
				INFOPLIST_KEY_UISupportedInterfaceOrientations_iPhone = "UIInterfaceOrientationPortrait UIInterfaceOrientationLandscapeLeft UIInterfaceOrientationLandscapeRight";
				LD_RUNPATH_SEARCH_PATHS = (
					"$(inherited)",
					"@executable_path/Frameworks",
				);
				MARKETING_VERSION = 1.0;
				PRODUCT_BUNDLE_IDENTIFIER = jooyoung.ExampleList;
				PRODUCT_NAME = "$(TARGET_NAME)";
				SWIFT_EMIT_LOC_STRINGS = YES;
				SWIFT_VERSION = 5.0;
				TARGETED_DEVICE_FAMILY = "1,2";
			};
			name = Release;
		};
/* End XCBuildConfiguration section */

/* Begin XCConfigurationList section */
		73F08E9C2AFDFD9600A2D12C /* Build configuration list for PBXProject "ExampleList" */ = {
			isa = XCConfigurationList;
			buildConfigurations = (
				73F08EB32AFDFD9700A2D12C /* Debug */,
				73F08EB42AFDFD9700A2D12C /* Release */,
			);
			defaultConfigurationIsVisible = 0;
			defaultConfigurationName = Release;
		};
		73F08EB52AFDFD9700A2D12C /* Build configuration list for PBXNativeTarget "ExampleList" */ = {
			isa = XCConfigurationList;
			buildConfigurations = (
				73F08EB62AFDFD9700A2D12C /* Debug */,
				73F08EB72AFDFD9700A2D12C /* Release */,
			);
			defaultConfigurationIsVisible = 0;
			defaultConfigurationName = Release;
		};
/* End XCConfigurationList section */

/* Begin XCRemoteSwiftPackageReference section */
		73A1F9702B02035F00D82CB8 /* XCRemoteSwiftPackageReference "SnapKit" */ = {
			isa = XCRemoteSwiftPackageReference;
			repositoryURL = "https://github.com/SnapKit/SnapKit";
			requirement = {
				kind = upToNextMajorVersion;
				minimumVersion = 5.6.0;
			};
		};
/* End XCRemoteSwiftPackageReference section */

/* Begin XCSwiftPackageProductDependency section */
		73A1F9712B02035F00D82CB8 /* SnapKit */ = {
			isa = XCSwiftPackageProductDependency;
			package = 73A1F9702B02035F00D82CB8 /* XCRemoteSwiftPackageReference "SnapKit" */;
			productName = SnapKit;
		};
		73A1F9732B02035F00D82CB8 /* SnapKit-Dynamic */ = {
			isa = XCSwiftPackageProductDependency;
			package = 73A1F9702B02035F00D82CB8 /* XCRemoteSwiftPackageReference "SnapKit" */;
			productName = "SnapKit-Dynamic";
		};
/* End XCSwiftPackageProductDependency section */
	};
	rootObject = 73F08E992AFDFD9600A2D12C /* Project object */;
}
